<?xml version="1.0" encoding="UTF-8"?>
<Scheme LastUpgradeVersion="2660" version="1.7">
<BuildAction parallelizeBuildables="YES" buildImplicitDependencies="YES"><BuildActionEntries><BuildActionEntry buildForTesting="YES" buildForRunning="YES" buildForProfiling="YES" buildForArchiving="YES" buildForAnalyzing="YES"><BuildableReference BuildableIdentifier="primary" BlueprintIdentifier="C1E9827DB735CA9BAA54A540" BuildableName="OpenTeamNative.app" BlueprintName="OpenTeamNative" ReferencedContainer="container:OpenTeamNative.xcodeproj"/></BuildActionEntry></BuildActionEntries></BuildAction>
<TestAction buildConfiguration="Debug" selectedDebuggerIdentifier="Xcode.DebuggerFoundation.Debugger.LLDB" selectedLauncherIdentifier="Xcode.IDEFoundation.Launcher.LLDB" shouldUseLaunchSchemeArgsEnv="YES"><Testables><TestableReference skipped="NO"><BuildableReference BuildableIdentifier="primary" BlueprintIdentifier="9805CBD60EB4F66728D5D195" BuildableName="OpenTeamNativeUITests.xctest" BlueprintName="OpenTeamNativeUITests" ReferencedContainer="container:OpenTeamNative.xcodeproj"/><SkippedTests><Test Identifier="ReferenceCaptureTests"/><Test Identifier="GrokbotVisualTests"/><Test Identifier="LiveBackendUITests"/><Test Identifier="DarkReferenceUITests"/><Test Identifier="QAAuditUITests"/><Test Identifier="SettingsPluginAuditUITests"/><Test Identifier="NativePushUITests"/><Test Identifier="RoutineScheduleUITests"/><Test Identifier="RealServerUITests"/><Test Identifier="VNCValidationUITests"/><Test Identifier="SevenReferenceUITests"/><Test Identifier="LaunchRobotUITests"/><Test Identifier="PaletteUITests"/><Test Identifier="HapticsUITests"/><Test Identifier="LiveHTTPUITests"/><Test Identifier="GlassSectionsUITests"/><Test Identifier="AttachmentReferenceUITests"/><Test Identifier="EdgeBackUITests"/><Test Identifier="MessagePerformanceUITests"/><Test Identifier="ChatMotionUITests"/><Test Identifier="GroupAvatarUITests"/></SkippedTests></TestableReference></Testables></TestAction>
<LaunchAction buildConfiguration="Debug" selectedDebuggerIdentifier="Xcode.DebuggerFoundation.Debugger.LLDB" selectedLauncherIdentifier="Xcode.IDEFoundation.Launcher.LLDB" launchStyle="0" useCustomWorkingDirectory="NO" ignoresPersistentStateOnLaunch="NO" debugDocumentVersioning="YES" debugServiceExtension="internal" allowLocationSimulation="YES"><BuildableProductRunnable runnableDebuggingMode="0"><BuildableReference BuildableIdentifier="primary" BlueprintIdentifier="C1E9827DB735CA9BAA54A540" BuildableName="OpenTeamNative.app" BlueprintName="OpenTeamNative" ReferencedContainer="container:OpenTeamNative.xcodeproj"/></BuildableProductRunnable></LaunchAction>
<ProfileAction buildConfiguration="Release" shouldUseLaunchSchemeArgsEnv="YES" savedToolIdentifier="" useCustomWorkingDirectory="NO" debugDocumentVersioning="YES"><BuildableProductRunnable runnableDebuggingMode="0"><BuildableReference BuildableIdentifier="primary" BlueprintIdentifier="C1E9827DB735CA9BAA54A540" BuildableName="OpenTeamNative.app" BlueprintName="OpenTeamNative" ReferencedContainer="container:OpenTeamNative.xcodeproj"/></BuildableProductRunnable></ProfileAction>
<AnalyzeAction buildConfiguration="Debug"/><ArchiveAction buildConfiguration="Release" revealArchiveInOrganizer="YES"/>
</Scheme>