// !$*UTF8*$!
{ archiveVersion = "1"; classes = {  }; objectVersion = "77"; objects = { B3F4F60E0F69F4D8E7D527F4 = { isa = "PBXFileReference"; explicitFileType = "wrapper.app-extension"; path = "OpenTeamNotifications.appex"; sourceTree = "BUILT_PRODUCTS_DIR"; }; ECC404803686E5B8FFAAD870 = { isa = "PBXFileReference"; explicitFileType = "wrapper.application"; path = "OpenTeamNative.app"; sourceTree = "BUILT_PRODUCTS_DIR"; }; 4F6F56E2605A0AB4E61E49DD = { isa = "PBXFileReference"; explicitFileType = "wrapper.cfbundle"; path = "OpenTeamNativeUITests.xctest"; sourceTree = "BUILT_PRODUCTS_DIR"; }; 878A52FC5FF6A57D50B7B870 = { isa = "PBXFileSystemSynchronizedRootGroup"; path = "Sources"; sourceTree = "<group>"; }; 8875384F768DEDBC50D1C225 = { isa = "PBXFileSystemSynchronizedRootGroup"; path = "Tests/UITests"; sourceTree = "<group>"; }; 28DCF63E1EB5F53BA96138B3 = { isa = "PBXFileReference"; lastKnownFileType = "folder.assetcatalog"; path = "Resources/Assets.xcassets"; sourceTree = "<group>"; }; C8E9BB0439D22DC8B3F0B86A = { isa = "PBXBuildFile"; fileRef = "28DCF63E1EB5F53BA96138B3"; }; 5F2C0BAFF5ECE16FF3ADD729 = { isa = "PBXFileReference"; lastKnownFileType = "text.xml"; path = "Resources/PrivacyInfo.xcprivacy"; sourceTree = "<group>"; }; 3E89A40433C5BE602265F624 = { isa = "PBXBuildFile"; fileRef = "5F2C0BAFF5ECE16FF3ADD729"; }; 0A3E27B8CA818264D75C8D81 = { isa = "PBXGroup"; children = ( "ECC404803686E5B8FFAAD870", "4F6F56E2605A0AB4E61E49DD", "B3F4F60E0F69F4D8E7D527F4", ); name = "Products"; sourceTree = "<group>"; }; 0D6E4079E36703EBD37C0072 = { isa = "PBXGroup"; children = ( "878A52FC5FF6A57D50B7B870", "8875384F768DEDBC50D1C225", "28DCF63E1EB5F53BA96138B3", "5F2C0BAFF5ECE16FF3ADD729", "0A3E27B8CA818264D75C8D81", "7E9C0BBD5BC91F29517A5C35", "35BA20CD3F61E4621BCCA5D6", "9D927A29121C7BD7A452D8A1", ); sourceTree = "<group>"; }; 73EBF6644258C120893E685D = { isa = "XCBuildConfiguration"; buildSettings = { SWIFT_VERSION = "6.0"; IPHONEOS_DEPLOYMENT_TARGET = "18.0"; SDKROOT = "iphoneos"; TARGETED_DEVICE_FAMILY = "1,2"; CLANG_ENABLE_MODULES = "YES"; CODE_SIGN_STYLE = "Automatic"; SWIFT_OPTIMIZATION_LEVEL = "-Onone"; SWIFT_ACTIVE_COMPILATION_CONDITIONS = "DEBUG"; DEBUG_INFORMATION_FORMAT = "dwarf"; }; name = "Debug"; }; 0B0C687DF8B6B8DC790B519C = { isa = "XCBuildConfiguration"; buildSettings = { SWIFT_VERSION = "6.0"; IPHONEOS_DEPLOYMENT_TARGET = "18.0"; SDKROOT = "iphoneos"; TARGETED_DEVICE_FAMILY = "1,2"; CLANG_ENABLE_MODULES = "YES"; CODE_SIGN_STYLE = "Automatic"; SWIFT_OPTIMIZATION_LEVEL = "-O"; SWIFT_ACTIVE_COMPILATION_CONDITIONS = ""; DEBUG_INFORMATION_FORMAT = "dwarf-with-dsym"; }; name = "Release"; }; CD7C985718C27B30B80E0BF9 = { isa = "XCConfigurationList"; buildConfigurations = ( "73EBF6644258C120893E685D", "0B0C687DF8B6B8DC790B519C", ); defaultConfigurationIsVisible = "0"; defaultConfigurationName = "Release"; }; B00CCDD09424E369308D67FA = { isa = "XCBuildConfiguration"; buildSettings = { CODE_SIGN_ENTITLEMENTS = "Resources/OpenTeam.entitlements"; PRODUCT_NAME = "OpenTeamNative"; PRODUCT_BUNDLE_IDENTIFIER = "dev.openteam.mobile.swift"; INFOPLIST_FILE = "Resources/Info.plist"; GENERATE_INFOPLIST_FILE = "NO"; ASSETCATALOG_COMPILER_APPICON_NAME = "AppIcon"; CURRENT_PROJECT_VERSION = "1"; MARKETING_VERSION = "0.1.0"; SWIFT_EMIT_LOC_STRINGS = "YES"; LD_RUNPATH_SEARCH_PATHS = ( "$(inherited)", "@executable_path/Frameworks", ); APP_DISPLAY_NAME = "OpenTeam Swift"; APP_URL_SCHEME = "openteam-swift"; APNS_ENVIRONMENT = "development"; SWIFT_OPTIMIZATION_LEVEL = "-Onone"; SWIFT_ACTIVE_COMPILATION_CONDITIONS = "DEBUG"; DEBUG_INFORMATION_FORMAT = "dwarf"; }; name = "Debug"; }; 1B104479E55E37CF8A63CBDF = { isa = "XCBuildConfiguration"; buildSettings = { CODE_SIGN_ENTITLEMENTS = "Resources/OpenTeam.entitlements"; PRODUCT_NAME = "OpenTeamNative"; PRODUCT_BUNDLE_IDENTIFIER = "dev.openbot.mobile"; INFOPLIST_FILE = "Resources/Info.plist"; GENERATE_INFOPLIST_FILE = "NO"; ASSETCATALOG_COMPILER_APPICON_NAME = "AppIcon"; CURRENT_PROJECT_VERSION = "27"; MARKETING_VERSION = "0.0.1"; SWIFT_EMIT_LOC_STRINGS = "YES"; LD_RUNPATH_SEARCH_PATHS = ( "$(inherited)", "@executable_path/Frameworks", ); APP_DISPLAY_NAME = "OpenTeam"; APP_URL_SCHEME = "openteam"; DEVELOPMENT_TEAM = "LZWN2FF7YB"; PROVISIONING_PROFILE_SPECIFIER = "$(APP_PROVISIONING_PROFILE)"; APNS_ENVIRONMENT = "production"; SWIFT_OPTIMIZATION_LEVEL = "-O"; SWIFT_ACTIVE_COMPILATION_CONDITIONS = ""; DEBUG_INFORMATION_FORMAT = "dwarf-with-dsym"; }; name = "Release"; }; 20548860EEA3E0E8DE95BCA4 = { isa = "XCConfigurationList"; buildConfigurations = ( "B00CCDD09424E369308D67FA", "1B104479E55E37CF8A63CBDF", ); defaultConfigurationIsVisible = "0"; defaultConfigurationName = "Release"; }; DD3F495F7D6A5AA1C1769021 = { isa = "XCBuildConfiguration"; buildSettings = { PRODUCT_NAME = "$(TARGET_NAME)"; PRODUCT_BUNDLE_IDENTIFIER = "dev.openteam.mobile.swift.uitests"; GENERATE_INFOPLIST_FILE = "YES"; TEST_TARGET_NAME = "OpenTeamNative"; LD_RUNPATH_SEARCH_PATHS = ( "$(inherited)", "@executable_path/Frameworks", "@loader_path/Frameworks", ); SWIFT_OPTIMIZATION_LEVEL = "-Onone"; SWIFT_ACTIVE_COMPILATION_CONDITIONS = "DEBUG"; DEBUG_INFORMATION_FORMAT = "dwarf"; }; name = "Debug"; }; E670BC2FFE794172EBC92AE3 = { isa = "XCBuildConfiguration"; buildSettings = { PRODUCT_NAME = "$(TARGET_NAME)"; PRODUCT_BUNDLE_IDENTIFIER = "dev.openteam.mobile.swift.uitests"; GENERATE_INFOPLIST_FILE = "YES"; TEST_TARGET_NAME = "OpenTeamNative"; LD_RUNPATH_SEARCH_PATHS = ( "$(inherited)", "@executable_path/Frameworks", "@loader_path/Frameworks", ); SWIFT_OPTIMIZATION_LEVEL = "-O"; SWIFT_ACTIVE_COMPILATION_CONDITIONS = ""; DEBUG_INFORMATION_FORMAT = "dwarf-with-dsym"; }; name = "Release"; }; FFDFDD93E361C29230B962D6 = { isa = "XCConfigurationList"; buildConfigurations = ( "DD3F495F7D6A5AA1C1769021", "E670BC2FFE794172EBC92AE3", ); defaultConfigurationIsVisible = "0"; defaultConfigurationName = "Release"; }; AFF87A50730392B6633ACECE = { isa = "PBXSourcesBuildPhase"; buildActionMask = "2147483647"; files = (  ); runOnlyForDeploymentPostprocessing = "0"; }; 7A4C2DC8FCA657188648E999 = { isa = "PBXFrameworksBuildPhase"; buildActionMask = "2147483647"; files = (  ); runOnlyForDeploymentPostprocessing = "0"; }; F9187E824FE171A6F0EFAE28 = { isa = "PBXResourcesBuildPhase"; buildActionMask = "2147483647"; files = ( "C8E9BB0439D22DC8B3F0B86A", "3E89A40433C5BE602265F624", ); runOnlyForDeploymentPostprocessing = "0"; }; C1E9827DB735CA9BAA54A540 = { isa = "PBXNativeTarget"; name = "OpenTeamNative"; buildConfigurationList = "20548860EEA3E0E8DE95BCA4"; buildPhases = ( "AFF87A50730392B6633ACECE", "7A4C2DC8FCA657188648E999", "F9187E824FE171A6F0EFAE28", "AFC32963E7959E7A34264826", ); buildRules = (  ); dependencies = ( "965FF32F58B180754D654307", ); fileSystemSynchronizedGroups = ( "878A52FC5FF6A57D50B7B870", ); productName = "OpenTeamNative"; productReference = "ECC404803686E5B8FFAAD870"; productType = "com.apple.product-type.application"; }; 7E9C0BBD5BC91F29517A5C35 = { isa = "PBXFileReference"; lastKnownFileType = "sourcecode.swift"; path = "../mobile/notification-service/NotificationService.swift"; sourceTree = "<group>"; }; 55E0F8379D8705E1FF8C297D = { isa = "PBXBuildFile"; fileRef = "7E9C0BBD5BC91F29517A5C35"; }; 35BA20CD3F61E4621BCCA5D6 = { isa = "PBXFileReference"; lastKnownFileType = "sourcecode.swift"; path = "../mobile/notification-service/RobotNotificationAvatar.swift"; sourceTree = "<group>"; }; 644B1363C38C97D894E5144B = { isa = "PBXBuildFile"; fileRef = "35BA20CD3F61E4621BCCA5D6"; }; 9D927A29121C7BD7A452D8A1 = { isa = "PBXFileReference"; lastKnownFileType = "text.json"; path = "../mobile/notification-service/RobotArtwork.json"; sourceTree = "<group>"; }; 012C7C82FC1C62C7C5607B21 = { isa = "PBXBuildFile"; fileRef = "9D927A29121C7BD7A452D8A1"; }; E86F2AF7E837C7CFEB7216E6 = { isa = "XCBuildConfiguration"; buildSettings = { PRODUCT_NAME = "OpenTeamNotifications"; PRODUCT_BUNDLE_IDENTIFIER = "dev.openteam.mobile.swift.notifications"; INFOPLIST_FILE = "NotificationService/Info.plist"; GENERATE_INFOPLIST_FILE = "NO"; CODE_SIGN_ENTITLEMENTS = "NotificationService/NotificationService.entitlements"; CURRENT_PROJECT_VERSION = "1"; MARKETING_VERSION = "0.1.0"; APPLICATION_EXTENSION_API_ONLY = "YES"; SKIP_INSTALL = "YES"; SWIFT_VERSION = "5.0"; LD_RUNPATH_SEARCH_PATHS = ( "$(inherited)", "@executable_path/Frameworks", "@executable_path/../../Frameworks", ); SWIFT_OPTIMIZATION_LEVEL = "-Onone"; SWIFT_ACTIVE_COMPILATION_CONDITIONS = "DEBUG"; DEBUG_INFORMATION_FORMAT = "dwarf"; }; name = "Debug"; }; 13729D2EB40827337DD26FD4 = { isa = "XCBuildConfiguration"; buildSettings = { PRODUCT_NAME = "OpenTeamNotifications"; PRODUCT_BUNDLE_IDENTIFIER = "dev.openbot.mobile.notifications"; INFOPLIST_FILE = "NotificationService/Info.plist"; GENERATE_INFOPLIST_FILE = "NO"; CODE_SIGN_ENTITLEMENTS = "NotificationService/NotificationService.entitlements"; CURRENT_PROJECT_VERSION = "27"; MARKETING_VERSION = "0.0.1"; APPLICATION_EXTENSION_API_ONLY = "YES"; SKIP_INSTALL = "YES"; SWIFT_VERSION = "5.0"; LD_RUNPATH_SEARCH_PATHS = ( "$(inherited)", "@executable_path/Frameworks", "@executable_path/../../Frameworks", ); DEVELOPMENT_TEAM = "LZWN2FF7YB"; PROVISIONING_PROFILE_SPECIFIER = "$(EXTENSION_PROVISIONING_PROFILE)"; SWIFT_OPTIMIZATION_LEVEL = "-O"; SWIFT_ACTIVE_COMPILATION_CONDITIONS = ""; DEBUG_INFORMATION_FORMAT = "dwarf-with-dsym"; }; name = "Release"; }; BAD060642C0438EBCB59B381 = { isa = "XCConfigurationList"; buildConfigurations = ( "E86F2AF7E837C7CFEB7216E6", "13729D2EB40827337DD26FD4", ); defaultConfigurationIsVisible = "0"; defaultConfigurationName = "Release"; }; E0150B6BB50B701D6F7D6619 = { isa = "PBXSourcesBuildPhase"; buildActionMask = "2147483647"; files = ( "55E0F8379D8705E1FF8C297D", "644B1363C38C97D894E5144B", ); runOnlyForDeploymentPostprocessing = "0"; }; C2000662670FC0462E6D472F = { isa = "PBXFrameworksBuildPhase"; buildActionMask = "2147483647"; files = (  ); runOnlyForDeploymentPostprocessing = "0"; }; 503F45234EB4666AB550389A = { isa = "PBXResourcesBuildPhase"; buildActionMask = "2147483647"; files = ( "012C7C82FC1C62C7C5607B21", ); runOnlyForDeploymentPostprocessing = "0"; }; A148AD5E0608DCE6158BFF07 = { isa = "PBXNativeTarget"; name = "OpenTeamNotifications"; buildConfigurationList = "BAD060642C0438EBCB59B381"; buildPhases = ( "E0150B6BB50B701D6F7D6619", "C2000662670FC0462E6D472F", "503F45234EB4666AB550389A", ); buildRules = (  ); dependencies = (  ); productName = "OpenTeamNotifications"; productReference = "B3F4F60E0F69F4D8E7D527F4"; productType = "com.apple.product-type.app-extension"; }; EBB30C28FB56077190499346 = { isa = "PBXContainerItemProxy"; containerPortal = "244210E48437B6556980A702"; proxyType = "1"; remoteGlobalIDString = "A148AD5E0608DCE6158BFF07"; remoteInfo = "OpenTeamNotifications"; }; 965FF32F58B180754D654307 = { isa = "PBXTargetDependency"; target = "A148AD5E0608DCE6158BFF07"; targetProxy = "EBB30C28FB56077190499346"; }; D9BA186364CD46DA2A252BBC = { isa = "PBXBuildFile"; fileRef = "B3F4F60E0F69F4D8E7D527F4"; settings = { ATTRIBUTES = ( "RemoveHeadersOnCopy", ); }; }; AFC32963E7959E7A34264826 = { isa = "PBXCopyFilesBuildPhase"; buildActionMask = "2147483647"; files = ( "D9BA186364CD46DA2A252BBC", ); dstPath = ""; dstSubfolderSpec = "13"; name = "Embed App Extensions"; runOnlyForDeploymentPostprocessing = "0"; }; 1241936D4DD3AAD68FE7BFBD = { isa = "PBXContainerItemProxy"; containerPortal = "244210E48437B6556980A702"; proxyType = "1"; remoteGlobalIDString = "C1E9827DB735CA9BAA54A540"; remoteInfo = "OpenTeamNative"; }; F26350DAFE3F19AABFD69AC4 = { isa = "PBXTargetDependency"; target = "C1E9827DB735CA9BAA54A540"; targetProxy = "1241936D4DD3AAD68FE7BFBD"; }; DEE94446A282611C16F7781C = { isa = "PBXSourcesBuildPhase"; buildActionMask = "2147483647"; files = (  ); runOnlyForDeploymentPostprocessing = "0"; }; B10CDED79664567B030B2B4F = { isa = "PBXFrameworksBuildPhase"; buildActionMask = "2147483647"; files = (  ); runOnlyForDeploymentPostprocessing = "0"; }; 1F030AB36D1A3A4389CF71AE = { isa = "PBXResourcesBuildPhase"; buildActionMask = "2147483647"; files = (  ); runOnlyForDeploymentPostprocessing = "0"; }; 9805CBD60EB4F66728D5D195 = { isa = "PBXNativeTarget"; name = "OpenTeamNativeUITests"; buildConfigurationList = "FFDFDD93E361C29230B962D6"; buildPhases = ( "DEE94446A282611C16F7781C", "B10CDED79664567B030B2B4F", "1F030AB36D1A3A4389CF71AE", ); buildRules = (  ); dependencies = ( "F26350DAFE3F19AABFD69AC4", ); fileSystemSynchronizedGroups = ( "8875384F768DEDBC50D1C225", ); productName = "OpenTeamNativeUITests"; productReference = "4F6F56E2605A0AB4E61E49DD"; productType = "com.apple.product-type.bundle.ui-testing"; }; 244210E48437B6556980A702 = { isa = "PBXProject"; attributes = { BuildIndependentTargetsInParallel = "YES"; LastUpgradeCheck = "2660"; TargetAttributes = { C1E9827DB735CA9BAA54A540 = { CreatedOnToolsVersion = "26.6"; SystemCapabilities = { com.apple.Push = { enabled = "1"; }; com.apple.BackgroundModes = { enabled = "1"; }; }; }; 9805CBD60EB4F66728D5D195 = { CreatedOnToolsVersion = "26.6"; TestTargetID = "C1E9827DB735CA9BAA54A540"; }; }; }; buildConfigurationList = "CD7C985718C27B30B80E0BF9"; compatibilityVersion = "Xcode 16.0"; developmentRegion = "en"; hasScannedForEncodings = "0"; knownRegions = ( "en", "Base", ); mainGroup = "0D6E4079E36703EBD37C0072"; productRefGroup = "0A3E27B8CA818264D75C8D81"; projectDirPath = ""; projectRoot = ""; targets = ( "C1E9827DB735CA9BAA54A540", "9805CBD60EB4F66728D5D195", "A148AD5E0608DCE6158BFF07", ); }; }; rootObject = "244210E48437B6556980A702"; }
